
Microsoft Visual Studio Solution File, Format Version 12.00
# Visual Studio Version 17
VisualStudioVersion = 17.0.31903.59
MinimumVisualStudioVersion = 10.0.40219.1
Project("{FAE04EC0-301F-11D3-BF4B-00C04F79EFBC}") = "AutomaticLaunchCodes", "AutomaticLaunchCodes.csproj", "{750CDCA2-8A76-4841-AFC9-E6C140569975}"
EndProject
Global
	GlobalSection(SolutionConfigurationPlatforms) = preSolution
		Debug|Any CPU = Debug|Any CPU
		Release|Any CPU = Release|Any CPU
	EndGlobalSection
	GlobalSection(ProjectConfigurationPlatforms) = postSolution
		{750CDCA2-8A76-4841-AFC9-E6C140569975}.Debug|Any CPU.ActiveCfg = Debug|Any CPU
		{750CDCA2-8A76-4841-AFC9-E6C140569975}.Debug|Any CPU.Build.0 = Debug|Any CPU
		{750CDCA2-8A76-4841-AFC9-E6C140569975}.Release|Any CPU.ActiveCfg = Release|Any CPU
		{750CDCA2-8A76-4841-AFC9-E6C140569975}.Release|Any CPU.Build.0 = Release|Any CPU
	EndGlobalSection
	GlobalSection(SolutionProperties) = preSolution
		HideSolutionNode = FALSE
	EndGlobalSection
	GlobalSection(ExtensibilityGlobals) = postSolution
		SolutionGuid = {4E410BE2-82EC-4BFB-BEC4-810199949D7F}
	EndGlobalSection
EndGlobal
